{
  "requires": true,
  "lockfileVersion": 1,
  "dependencies": {
    "newick": {
      "version": "2.0.0",
      "resolved": "https://registry.npmjs.org/newick/-/newick-2.0.0.tgz",
      "integrity": "sha512-WzIBgGkSUxoOx9pjZq4YhdcflCZqL50PJAXl46hrnrgGdkV4gB0B7//6Zy9pIRb0BnJly5cUFQqRG9sKgnZkkg=="
    }
  }
}
